
Microsoft Visual Studio Solution File, Format Version 12.00
# Visual Studio 15
VisualStudioVersion = 15.0.27004.2005
MinimumVisualStudioVersion = 10.0.40219.1
Project("{FAE04EC0-301F-11D3-BF4B-00C04F79EFBC}") = "CentralWebService", "CentralWebService\CentralWebService.csproj", "{29CC975B-F2CC-4CCC-9AD9-2BC237E3203E}"
EndProject
Project("{FAE04EC0-301F-11D3-BF4B-00C04F79EFBC}") = "CentralWebSite", "CentralWebSite\CentralWebSite.csproj", "{244BAD3C-F1F6-45B1-8321-696A0435CFFD}"
EndProject
Global
	GlobalSection(SolutionConfigurationPlatforms) = preSolution
		Debug|Any CPU = Debug|Any CPU
		Release|Any CPU = Release|Any CPU
	EndGlobalSection
	GlobalSection(ProjectConfigurationPlatforms) = postSolution
		{29CC975B-F2CC-4CCC-9AD9-2BC237E3203E}.Debug|Any CPU.ActiveCfg = Debug|Any CPU
		{29CC975B-F2CC-4CCC-9AD9-2BC237E3203E}.Debug|Any CPU.Build.0 = Debug|Any CPU
		{29CC975B-F2CC-4CCC-9AD9-2BC237E3203E}.Release|Any CPU.ActiveCfg = Release|Any CPU
		{29CC975B-F2CC-4CCC-9AD9-2BC237E3203E}.Release|Any CPU.Build.0 = Release|Any CPU
		{244BAD3C-F1F6-45B1-8321-696A0435CFFD}.Debug|Any CPU.ActiveCfg = Debug|Any CPU
		{244BAD3C-F1F6-45B1-8321-696A0435CFFD}.Debug|Any CPU.Build.0 = Debug|Any CPU
		{244BAD3C-F1F6-45B1-8321-696A0435CFFD}.Release|Any CPU.ActiveCfg = Release|Any CPU
		{244BAD3C-F1F6-45B1-8321-696A0435CFFD}.Release|Any CPU.Build.0 = Release|Any CPU
	EndGlobalSection
	GlobalSection(SolutionProperties) = preSolution
		HideSolutionNode = FALSE
	EndGlobalSection
	GlobalSection(ExtensibilityGlobals) = postSolution
		SolutionGuid = {DB529E9F-21FA-4098-819D-A32360C5576A}
	EndGlobalSection
EndGlobal
